{
  "name": "garyrobinson",
  "version": "1.0.0",
  "lockfileVersion": 1,
  "requires": true,
  "dependencies": {
    "main.css": {
      "version": "2.0.0",
      "resolved": "https://registry.npmjs.org/main.css/-/main.css-2.0.0.tgz",
      "integrity": "sha512-pmnD+2uPFw7hAs7FiDYLBiIiJfH9DfdvxUx1EkEDcOYyh90WQYEn0oV1d6I7UyoSaMZJ6zSJjNXRsTUwaD4FtA=="
    },
    "normalize.css": {
      "version": "8.0.1",
      "resolved": "https://registry.npmjs.org/normalize.css/-/normalize.css-8.0.1.tgz",
      "integrity": "sha512-qizSNPO93t1YUuUhP22btGOo3chcvDFqFaj2TRybP0DMxkHOCTYwp3n34fel4a31ORXy4m1Xq0Gyqpb5m33qIg=="
    }
  }
}
